
Microsoft Visual Studio Solution File, Format Version 12.00
# Visual Studio Version 17
VisualStudioVersion = 17.11.35219.272
MinimumVisualStudioVersion = 10.0.40219.1
Project("{9A19103F-16F7-4668-BE54-9A1E7A4F7556}") = "WorkTelegramBot", "WorkTelegramBot\WorkTelegramBot.csproj", "{1419F77B-3220-401C-8F76-3F9E6025A0B2}"
EndProject
Global
	GlobalSection(SolutionConfigurationPlatforms) = preSolution
		Debug|Any CPU = Debug|Any CPU
		Release|Any CPU = Release|Any CPU
	EndGlobalSection
	GlobalSection(ProjectConfigurationPlatforms) = postSolution
		{1419F77B-3220-401C-8F76-3F9E6025A0B2}.Debug|Any CPU.ActiveCfg = Debug|Any CPU
		{1419F77B-3220-401C-8F76-3F9E6025A0B2}.Debug|Any CPU.Build.0 = Debug|Any CPU
		{1419F77B-3220-401C-8F76-3F9E6025A0B2}.Release|Any CPU.ActiveCfg = Release|Any CPU
		{1419F77B-3220-401C-8F76-3F9E6025A0B2}.Release|Any CPU.Build.0 = Release|Any CPU
	EndGlobalSection
	GlobalSection(SolutionProperties) = preSolution
		HideSolutionNode = FALSE
	EndGlobalSection
	GlobalSection(ExtensibilityGlobals) = postSolution
		SolutionGuid = {7199B882-3530-4073-8981-8C52F7A3E58E}
	EndGlobalSection
EndGlobal
